
Microsoft Visual Studio Solution File, Format Version 12.00
# Visual Studio Version 16
VisualStudioVersion = 16.0.29709.97
MinimumVisualStudioVersion = 10.0.40219.1
Project("{9A19103F-16F7-4668-BE54-9A1E7A4F7556}") = "EventB", "EventB\EventB.csproj", "{DD4C0C08-A088-459E-BDB2-837A88D7021B}"
EndProject
Project("{9A19103F-16F7-4668-BE54-9A1E7A4F7556}") = "MyTests", "MyTests\MyTests.csproj", "{CFFF0315-7C7D-4989-84DB-FF747EEA29E4}"
EndProject
Global
	GlobalSection(SolutionConfigurationPlatforms) = preSolution
		Debug|Any CPU = Debug|Any CPU
		Release|Any CPU = Release|Any CPU
	EndGlobalSection
	GlobalSection(ProjectConfigurationPlatforms) = postSolution
		{DD4C0C08-A088-459E-BDB2-837A88D7021B}.Debug|Any CPU.ActiveCfg = Debug|Any CPU
		{DD4C0C08-A088-459E-BDB2-837A88D7021B}.Debug|Any CPU.Build.0 = Debug|Any CPU
		{DD4C0C08-A088-459E-BDB2-837A88D7021B}.Release|Any CPU.ActiveCfg = Release|Any CPU
		{DD4C0C08-A088-459E-BDB2-837A88D7021B}.Release|Any CPU.Build.0 = Release|Any CPU
		{CFFF0315-7C7D-4989-84DB-FF747EEA29E4}.Debug|Any CPU.ActiveCfg = Debug|Any CPU
		{CFFF0315-7C7D-4989-84DB-FF747EEA29E4}.Debug|Any CPU.Build.0 = Debug|Any CPU
		{CFFF0315-7C7D-4989-84DB-FF747EEA29E4}.Release|Any CPU.ActiveCfg = Release|Any CPU
		{CFFF0315-7C7D-4989-84DB-FF747EEA29E4}.Release|Any CPU.Build.0 = Release|Any CPU
	EndGlobalSection
	GlobalSection(SolutionProperties) = preSolution
		HideSolutionNode = FALSE
	EndGlobalSection
	GlobalSection(ExtensibilityGlobals) = postSolution
		SolutionGuid = {E6777071-A76D-4B05-8BE1-F05CA37AB93D}
	EndGlobalSection
EndGlobal
